{
  "name": "sketcher",
  "version": "1.0.0",
  "lockfileVersion": 1,
  "requires": true,
  "dependencies": {
    "@polymer/iron-a11y-announcer": {
      "version": "3.0.2",
      "resolved": "https://registry.npmjs.org/@polymer/iron-a11y-announcer/-/iron-a11y-announcer-3.0.2.tgz",
      "integrity": "sha512-LqnMF39mXyxSSRbTHRzGbcJS8nU0NVTo2raBOgOlpxw5yfGJUVcwaTJ/qy5NtWCZLRfa4suycf0oAkuUjHTXHQ==",
      "requires": {
        "@polymer/polymer": "^3.0.0"
      }
    },
    "@polymer/iron-a11y-keys-behavior": {
      "version": "3.0.1",
      "resolved": "https://registry.npmjs.org/@polymer/iron-a11y-keys-behavior/-/iron-a11y-keys-behavior-3.0.1.tgz",
      "integrity": "sha512-lnrjKq3ysbBPT/74l0Fj0U9H9C35Tpw2C/tpJ8a+5g8Y3YJs1WSZYnEl1yOkw6sEyaxOq/1DkzH0+60gGu5/PQ==",
      "requires": {
        "@polymer/polymer": "^3.0.0"
      }
    },
    "@polymer/iron-fit-behavior": {
      "version": "3.0.1",
      "resolved": "https://registry.npmjs.org/@polymer/iron-fit-behavior/-/iron-fit-behavior-3.0.1.tgz",
      "integrity": "sha512-/M0B1L30k31vmwNBaGuZcxzUAhJSHoGccb/DF0CDKI/hT8UlkTvcyemaWdOpmHHLgY52ceKIkRwA3AeXrKyvaQ==",
      "requires": {
        "@polymer/polymer": "^3.0.0"
      }
    },
    "@polymer/iron-flex-layout": {
      "version": "3.0.1",
      "resolved": "https://registry.npmjs.org/@polymer/iron-flex-layout/-/iron-flex-layout-3.0.1.tgz",
      "integrity": "sha512-7gB869czArF+HZcPTVSgvA7tXYFze9EKckvM95NB7SqYF+NnsQyhoXgKnpFwGyo95lUjUW9TFDLUwDXnCYFtkw==",
      "requires": {
        "@polymer/polymer": "^3.0.0"
      }
    },
    "@polymer/iron-icon": {
      "version": "3.0.1",
      "resolved": "https://registry.npmjs.org/@polymer/iron-icon/-/iron-icon-3.0.1.tgz",
      "integrity": "sha512-QLPwirk+UPZNaLnMew9VludXA4CWUCenRewgEcGYwdzVgDPCDbXxy6vRJjmweZobMQv/oVLppT2JZtJFnPxX6g==",
      "requires": {
        "@polymer/iron-flex-layout": "^3.0.0-pre.26",
        "@polymer/iron-meta": "^3.0.0-pre.26",
        "@polymer/polymer": "^3.0.0"
      }
    },
    "@polymer/iron-iconset-svg": {
      "version": "3.0.1",
      "resolved": "https://registry.npmjs.org/@polymer/iron-iconset-svg/-/iron-iconset-svg-3.0.1.tgz",
      "integrity": "sha512-XNwURbNHRw6u2fJe05O5fMYye6GSgDlDqCO+q6K1zAnKIrpgZwf2vTkBd5uCcZwsN0FyCB3mvNZx4jkh85dRDw==",
      "requires": {
        "@polymer/iron-meta": "^3.0.0-pre.26",
        "@polymer/polymer": "^3.0.0"
      }
    },
    "@polymer/iron-list": {
      "version": "3.0.2",
      "resolved": "https://registry.npmjs.org/@polymer/iron-list/-/iron-list-3.0.2.tgz",
      "integrity": "sha512-A6GMTx/4mWxGn3BC6weaXqRC7B0coNjgEoxwVbEcDNwovqntv0aWs5sT9+PI4zvV/syWL5rAESyJDvOxTatoEw==",
      "requires": {
        "@polymer/iron-a11y-keys-behavior": "^3.0.0-pre.26",
        "@polymer/iron-resizable-behavior": "^3.0.0-pre.26",
        "@polymer/iron-scroll-target-behavior": "^3.0.0-pre.26",
        "@polymer/polymer": "^3.0.0"
      }
    },
    "@polymer/iron-media-query": {
      "version": "3.0.1",
      "resolved": "https://registry.npmjs.org/@polymer/iron-media-query/-/iron-media-query-3.0.1.tgz",
      "integrity": "sha512-czUX1pm1zfmfcZtq5J57XFkcobBv08Y50exp0/3v8Bos5VL/jv2tU0RwiTfDBxUMhjicGbgwEBFQPY2V5DMzyw==",
      "requires": {
        "@polymer/polymer": "^3.0.0"
      }
    },
    "@polymer/iron-meta": {
      "version": "3.0.1",
      "resolved": "https://registry.npmjs.org/@polymer/iron-meta/-/iron-meta-3.0.1.tgz",
      "integrity": "sha512-pWguPugiLYmWFV9UWxLWzZ6gm4wBwQdDy4VULKwdHCqR7OP7u98h+XDdGZsSlDPv6qoryV/e3tGHlTIT0mbzJA==",
      "requires": {
        "@polymer/polymer": "^3.0.0"
      }
    },
    "@polymer/iron-overlay-behavior": {
      "version": "3.0.2",
      "resolved": "https://registry.npmjs.org/@polymer/iron-overlay-behavior/-/iron-overlay-behavior-3.0.2.tgz",
      "integrity": "sha512-j1qmt6mJHCwpe1mKOvqK5kcCUPQr5LSrlqpgRDbUuLgUfNJ/vGTipjrkBlfbEUagm5FEQdc1VLPLSQP6WVuP9g==",
      "requires": {
        "@polymer/iron-a11y-keys-behavior": "^3.0.0-pre.26",
        "@polymer/iron-fit-behavior": "^3.0.0-pre.26",
        "@polymer/iron-resizable-behavior": "^3.0.0-pre.26",
        "@polymer/polymer": "^3.0.0"
      }
    },
    "@polymer/iron-resizable-behavior": {
      "version": "3.0.1",
      "resolved": "https://registry.npmjs.org/@polymer/iron-resizable-behavior/-/iron-resizable-behavior-3.0.1.tgz",
      "integrity": "sha512-FyHxRxFspVoRaeZSWpT3y0C9awomb4tXXolIJcZ7RvXhMP632V5lez+ch5G5SwK0LpnAPkg35eB0LPMFv+YMMQ==",
      "requires": {
        "@polymer/polymer": "^3.0.0"
      }
    },
    "@polymer/iron-scroll-target-behavior": {
      "version": "3.0.1",
      "resolved": "https://registry.npmjs.org/@polymer/iron-scroll-target-behavior/-/iron-scroll-target-behavior-3.0.1.tgz",
      "integrity": "sha512-xg1WanG25BIkQE8rhuReqY9zx1K5M7F+YAIYpswEp5eyDIaZ1Y3vUmVeQ3KG+hiSugzI1M752azXN7kvyhOBcQ==",
      "requires": {
        "@polymer/polymer": "^3.0.0"
      }
    },
    "@polymer/polymer": {
      "version": "3.2.0",
      "resolved": "https://registry.npmjs.org/@polymer/polymer/-/polymer-3.2.0.tgz",
      "integrity": "sha512-L6uV1oM6T6xbwbVx6t3biG5T2VSSB03LxnIrUd9M2pr6RkHVPFHJ37pC5MUwBAEhkGFJif7eks7fdMMSGZTeEQ==",
      "requires": {
        "@webcomponents/shadycss": "^1.8.0"
      }
    },
    "@vaadin/vaadin-accordion": {
      "version": "1.0.0",
      "resolved": "https://registry.npmjs.org/@vaadin/vaadin-accordion/-/vaadin-accordion-1.0.0.tgz",
      "integrity": "sha512-tYiOlQxWbhkln/zE49W+zgjHiUV7Hb8zGcn6CSwjpIKGdcTmzGswjBDhcLRrt/WFgBDlgK6vfQfXNivy9eDcxw==",
      "requires": {
        "@polymer/polymer": "^3.0.0",
        "@vaadin/vaadin-details": "^1.0.0",
        "@vaadin/vaadin-element-mixin": "^2.0.0",
        "@vaadin/vaadin-lumo-styles": "^1.4.1",
        "@vaadin/vaadin-material-styles": "^1.2.0",
        "@vaadin/vaadin-themable-mixin": "^1.2.0"
      }
    },
    "@vaadin/vaadin-app-layout": {
      "version": "1.0.2",
      "resolved": "https://registry.npmjs.org/@vaadin/vaadin-app-layout/-/vaadin-app-layout-1.0.2.tgz",
      "integrity": "sha512-av6ha2DJBwiIkZb1gruUFgWRg8r9IP+ybXx4tOJNHYCLmb8eYDyhAN9krsUZApht5MHzw07FzxzrNGKU2UW9qg==",
      "requires": {
        "@polymer/polymer": "^3.0.0",
        "@vaadin/vaadin-element-mixin": "^2.0.0",
        "@vaadin/vaadin-lumo-styles": "^1.1.0",
        "@vaadin/vaadin-material-styles": "^1.1.0",
        "@vaadin/vaadin-themable-mixin": "^1.2.0"
      }
    },
    "@vaadin/vaadin-button": {
      "version": "2.2.0",
      "resolved": "https://registry.npmjs.org/@vaadin/vaadin-button/-/vaadin-button-2.2.0.tgz",
      "integrity": "sha512-e4yxTsAB0r5pVvsBpL3tZtfFpNbmJPwr4C+cZjkzlKGmwR51IPUBv1Wp1/+AfDyZDQ8ucBYP+EFDhr2D4fCLFA==",
      "requires": {
        "@polymer/polymer": "^3.0.0",
        "@vaadin/vaadin-control-state-mixin": "^2.1.1",
        "@vaadin/vaadin-element-mixin": "^2.0.0",
        "@vaadin/vaadin-lumo-styles": "^1.3.3",
        "@vaadin/vaadin-material-styles": "^1.2.0",
        "@vaadin/vaadin-themable-mixin": "^1.2.1"
      }
    },
    "@vaadin/vaadin-checkbox": {
      "version": "2.2.7",
      "resolved": "https://registry.npmjs.org/@vaadin/vaadin-checkbox/-/vaadin-checkbox-2.2.7.tgz",
      "integrity": "sha512-pIBK8rITDiY3K179rsjjk7SNiG8ufl7kBbWfLuuhbTr8KVn+Z+3TLBvMjgqLx+Y8WH3gOKOf6EgDrYyKLpUQww==",
      "requires": {
        "@polymer/polymer": "^3.0.0",
        "@vaadin/vaadin-control-state-mixin": "^2.1.1",
        "@vaadin/vaadin-element-mixin": "^2.0.0",
        "@vaadin/vaadin-lumo-styles": "^1.2.0",
        "@vaadin/vaadin-material-styles": "^1.2.0",
        "@vaadin/vaadin-themable-mixin": "^1.2.1"
      }
    },
    "@vaadin/vaadin-combo-box": {
      "version": "4.2.9",
      "resolved": "https://registry.npmjs.org/@vaadin/vaadin-combo-box/-/vaadin-combo-box-4.2.9.tgz",
      "integrity": "sha512-FKWPWRwTJe8wYz3mv70nE4WfDWPFPsEkfdsXvwoEFh3QdCX3ROslXHEE68t/3sSR2yzMfG/ounBrwOCJ7BCm/g==",
      "requires": {
        "@polymer/iron-a11y-announcer": "^3.0.0",
        "@polymer/iron-a11y-keys-behavior": "^3.0.0",
        "@polymer/iron-list": "^3.0.0",
        "@polymer/iron-resizable-behavior": "^3.0.0",
        "@polymer/polymer": "^3.0.0",
        "@vaadin/vaadin-control-state-mixin": "^2.1.1",
        "@vaadin/vaadin-element-mixin": "^2.0.0",
        "@vaadin/vaadin-item": "^2.1.0",
        "@vaadin/vaadin-lumo-styles": "^1.1.1",
        "@vaadin/vaadin-material-styles": "^1.1.2",
        "@vaadin/vaadin-overlay": "^3.2.0",
        "@vaadin/vaadin-text-field": "^2.1.1",
        "@vaadin/vaadin-themable-mixin": "^1.3.2"
      }
    },
    "@vaadin/vaadin-context-menu": {
      "version": "4.3.5",
      "resolved": "https://registry.npmjs.org/@vaadin/vaadin-context-menu/-/vaadin-context-menu-4.3.5.tgz",
      "integrity": "sha512-hnVZmP4Mylanv4fC+PwiuPPpBlBkkmDo4nou11zzumEEK1bki9uZzJij40NBauNMfxqsdn2QDvNvW7t4eHWa9w==",
      "requires": {
        "@polymer/iron-media-query": "^3.0.0",
        "@polymer/polymer": "^3.0.0",
        "@vaadin/vaadin-element-mixin": "^2.1.1",
        "@vaadin/vaadin-item": "^2.1.0",
        "@vaadin/vaadin-list-box": "^1.1.0",
        "@vaadin/vaadin-lumo-styles": "^1.1.1",
        "@vaadin/vaadin-material-styles": "^1.1.1",
        "@vaadin/vaadin-overlay": "^3.2.9",
        "@vaadin/vaadin-themable-mixin": "^1.3.2"
      }
    },
    "@vaadin/vaadin-control-state-mixin": {
      "version": "2.1.3",
      "resolved": "https://registry.npmjs.org/@vaadin/vaadin-control-state-mixin/-/vaadin-control-state-mixin-2.1.3.tgz",
      "integrity": "sha512-EtLfMN9i/gwToAEuW6E1OA2Q2i/4a+Il6tKkqE/0i7bgu3Xr1IITMcagQn9QSsp1Xkpr/nLtWWKRq7yZZkbHVg==",
      "requires": {
        "@polymer/polymer": "^3.0.0"
      }
    },
    "@vaadin/vaadin-core": {
      "version": "13.0.6",
      "resolved": "https://registry.npmjs.org/@vaadin/vaadin-core/-/vaadin-core-13.0.6.tgz",
      "integrity": "sha512-MTbu9twq58xZNgwDTJ/6eRY0mb7O9/Nu5brNp9gvKdtqvvVNdhvb6SZwT7aQCKVH9t9kAdsf9CBRn6tbxw3vVA==",
      "requires": {
        "@polymer/iron-a11y-announcer": "^3.0.1",
        "@polymer/iron-a11y-keys-behavior": "^3.0.1",
        "@polymer/iron-fit-behavior": "^3.0.1",
        "@polymer/iron-flex-layout": "^3.0.1",
        "@polymer/iron-icon": "^3.0.1",
        "@polymer/iron-iconset-svg": "^3.0.1",
        "@polymer/iron-list": "^3.0.1",
        "@polymer/iron-media-query": "^3.0.1",
        "@polymer/iron-meta": "^3.0.1",
        "@polymer/iron-overlay-behavior": "^3.0.2",
        "@polymer/iron-resizable-behavior": "^3.0.1",
        "@polymer/iron-scroll-target-behavior": "^3.0.1",
        "@vaadin/vaadin-accordion": "^1.0.0",
        "@vaadin/vaadin-app-layout": "^1.0.2",
        "@vaadin/vaadin-button": "^2.1.5",
        "@vaadin/vaadin-checkbox": "^2.2.7",
        "@vaadin/vaadin-combo-box": "^4.2.9",
        "@vaadin/vaadin-context-menu": "^4.3.4",
        "@vaadin/vaadin-control-state-mixin": "^2.1.3",
        "@vaadin/vaadin-custom-field": "^1.0.1",
        "@vaadin/vaadin-date-picker": "^3.3.4",
        "@vaadin/vaadin-details": "^1.0.1",
        "@vaadin/vaadin-development-mode-detector": "^2.0.0",
        "@vaadin/vaadin-dialog": "^2.2.1",
        "@vaadin/vaadin-element-mixin": "^2.1.3",
        "@vaadin/vaadin-form-layout": "^2.1.2",
        "@vaadin/vaadin-grid": "^5.3.3",
        "@vaadin/vaadin-icons": "^4.2.2",
        "@vaadin/vaadin-item": "^2.1.0",
        "@vaadin/vaadin-list-box": "^1.1.0",
        "@vaadin/vaadin-list-mixin": "^2.1.2",
        "@vaadin/vaadin-login": "^1.0.0",
        "@vaadin/vaadin-lumo-styles": "^1.4.2",
        "@vaadin/vaadin-material-styles": "^1.2.2",
        "@vaadin/vaadin-notification": "^1.2.1",
        "@vaadin/vaadin-ordered-layout": "^1.1.0",
        "@vaadin/vaadin-overlay": "^3.2.11",
        "@vaadin/vaadin-progress-bar": "^1.1.0",
        "@vaadin/vaadin-radio-button": "^1.1.5",
        "@vaadin/vaadin-select": "^2.0.4",
        "@vaadin/vaadin-split-layout": "^4.1.0",
        "@vaadin/vaadin-tabs": "^2.1.2",
        "@vaadin/vaadin-text-field": "^2.3.7",
        "@vaadin/vaadin-themable-mixin": "^1.4.4",
        "@vaadin/vaadin-time-picker": "^1.2.2",
        "@vaadin/vaadin-upload": "^4.2.1",
        "@vaadin/vaadin-usage-statistics": "^2.0.3",
        "@webcomponents/shadycss": "^1.8.0"
      }
    },
    "@vaadin/vaadin-custom-field": {
      "version": "1.0.1",
      "resolved": "https://registry.npmjs.org/@vaadin/vaadin-custom-field/-/vaadin-custom-field-1.0.1.tgz",
      "integrity": "sha512-ZjHYSbWW8L3dSUf7JL64+1XmhdIbecqfxAGYuEBbm1sc7e1cBoxU8desg+rtNgNW/CXOLneQ96ftAj5ZXcXIUQ==",
      "requires": {
        "@polymer/polymer": "^3.0.0",
        "@vaadin/vaadin-element-mixin": "^2.0.0",
        "@vaadin/vaadin-lumo-styles": "^1.3.3",
        "@vaadin/vaadin-material-styles": "^1.2.2",
        "@vaadin/vaadin-themable-mixin": "^1.2.0"
      }
    },
    "@vaadin/vaadin-date-picker": {
      "version": "3.3.4",
      "resolved": "https://registry.npmjs.org/@vaadin/vaadin-date-picker/-/vaadin-date-picker-3.3.4.tgz",
      "integrity": "sha512-tI0Nek5IIvUx4rtbcqmy8N/GLYmV4cMi04z61Zo/Qvw+m4iJoHxyanHyweFM+E59jwvBXeZpXvRk50ihW03ipA==",
      "requires": {
        "@polymer/iron-a11y-announcer": "^3.0.0",
        "@polymer/iron-a11y-keys-behavior": "^3.0.0",
        "@polymer/iron-media-query": "^3.0.0",
        "@polymer/iron-resizable-behavior": "^3.0.0",
        "@polymer/polymer": "^3.0.0",
        "@vaadin/vaadin-button": "^2.1.0",
        "@vaadin/vaadin-control-state-mixin": "^2.1.1",
        "@vaadin/vaadin-element-mixin": "^2.0.0",
        "@vaadin/vaadin-lumo-styles": "^1.4.1",
        "@vaadin/vaadin-material-styles": "^1.1.2",
        "@vaadin/vaadin-overlay": "^3.2.0",
        "@vaadin/vaadin-text-field": "^2.1.2",
        "@vaadin/vaadin-themable-mixin": "^1.3.2"
      }
    },
    "@vaadin/vaadin-details": {
      "version": "1.0.1",
      "resolved": "https://registry.npmjs.org/@vaadin/vaadin-details/-/vaadin-details-1.0.1.tgz",
      "integrity": "sha512-Kt3ul/qOUapFhLtejfOtW7lr0qitcQwQTLifsMRuJf6leVsS2Bh/eliFfGL9YuZJpCOByQCrmT8MSB+70pUUYA==",
      "requires": {
        "@polymer/polymer": "^3.0.0",
        "@vaadin/vaadin-control-state-mixin": "^2.1.0",
        "@vaadin/vaadin-element-mixin": "^2.0.0",
        "@vaadin/vaadin-lumo-styles": "^1.4.1",
        "@vaadin/vaadin-material-styles": "^1.2.0",
        "@vaadin/vaadin-themable-mixin": "^1.2.0"
      }
    },
    "@vaadin/vaadin-development-mode-detector": {
      "version": "2.0.0",
      "resolved": "https://registry.npmjs.org/@vaadin/vaadin-development-mode-detector/-/vaadin-development-mode-detector-2.0.0.tgz",
      "integrity": "sha512-pzSaUqn+lJbTL2ZC6NCAfhyMymMYg2p4DzeUXdyInJISwSWmgh9RlRVpAGhi6MIUOKC7kGeKPAiB4vyWsEhzDg=="
    },
    "@vaadin/vaadin-dialog": {
      "version": "2.2.1",
      "resolved": "https://registry.npmjs.org/@vaadin/vaadin-dialog/-/vaadin-dialog-2.2.1.tgz",
      "integrity": "sha512-OPaXsCdVYWm8wR0c/kJ822SnjHwSi69kpp2zywB9SwvxauHnS/88ZHnJyHT5JunKw1otsHYmEa0Uqc1WYhIkQw==",
      "requires": {
        "@polymer/polymer": "^3.0.0",
        "@vaadin/vaadin-element-mixin": "^2.0.0",
        "@vaadin/vaadin-lumo-styles": "^1.1.0",
        "@vaadin/vaadin-material-styles": "^1.1.0",
        "@vaadin/vaadin-overlay": "^3.2.0",
        "@vaadin/vaadin-themable-mixin": "^1.3.2"
      }
    },
    "@vaadin/vaadin-element-mixin": {
      "version": "2.1.3",
      "resolved": "https://registry.npmjs.org/@vaadin/vaadin-element-mixin/-/vaadin-element-mixin-2.1.3.tgz",
      "integrity": "sha512-tCEdrS5JMIl9ZsyjnV28XI2AFLC35RUWRF6XPrvm/MpKAxWLk1MlYrkwR26avOuSqvNwCBO56NIDN2k1yYC4eA==",
      "requires": {
        "@polymer/polymer": "^3.0.0",
        "@vaadin/vaadin-development-mode-detector": "^2.0.0",
        "@vaadin/vaadin-usage-statistics": "^2.0.2"
      }
    },
    "@vaadin/vaadin-form-layout": {
      "version": "2.1.2",
      "resolved": "https://registry.npmjs.org/@vaadin/vaadin-form-layout/-/vaadin-form-layout-2.1.2.tgz",
      "integrity": "sha512-VJHX1sr/vXmv88lbNLJE+gEbp8Xo6ovReBKDh0g8vWhLAJfNntHRq+6pQ0qWTkeQlERlJTqGlGRgKgLMMbkhtQ==",
      "requires": {
        "@polymer/iron-resizable-behavior": "^3.0.0",
        "@polymer/polymer": "^3.0.0",
        "@vaadin/vaadin-element-mixin": "^2.0.0",
        "@vaadin/vaadin-lumo-styles": "^1.1.0",
        "@vaadin/vaadin-material-styles": "^1.1.0",
        "@vaadin/vaadin-themable-mixin": "^1.2.1"
      }
    },
    "@vaadin/vaadin-grid": {
      "version": "5.4.0",
      "resolved": "https://registry.npmjs.org/@vaadin/vaadin-grid/-/vaadin-grid-5.4.0.tgz",
      "integrity": "sha512-AklBjcUSTKyzjSkLUcpOcUdNcuYwBoRAOssHs6NXhXFOOwaeZZObmMWHM6xqKeZzau+cd+nlxF/ixdcUFSeo1Q==",
      "requires": {
        "@polymer/iron-a11y-announcer": "^3.0.0",
        "@polymer/iron-a11y-keys-behavior": "^3.0.0",
        "@polymer/iron-resizable-behavior": "^3.0.0",
        "@polymer/iron-scroll-target-behavior": "^3.0.0",
        "@polymer/polymer": "^3.0.0",
        "@vaadin/vaadin-checkbox": "^2.2.1",
        "@vaadin/vaadin-element-mixin": "^2.1.1",
        "@vaadin/vaadin-lumo-styles": "^1.1.1",
        "@vaadin/vaadin-material-styles": "^1.1.1",
        "@vaadin/vaadin-text-field": "^2.1.1",
        "@vaadin/vaadin-themable-mixin": "^1.2.1"
      }
    },
    "@vaadin/vaadin-icons": {
      "version": "4.3.1",
      "resolved": "https://registry.npmjs.org/@vaadin/vaadin-icons/-/vaadin-icons-4.3.1.tgz",
      "integrity": "sha512-jeFOXpoId/pemr/JlhF7Z7kL/g7VmaQdqH+I9NZ2lW+IpE6/aapz1N6zPd+hIQs5tq/PWuivy8gKxFW+KxwdJg==",
      "requires": {
        "@polymer/iron-icon": "^3.0.0",
        "@polymer/iron-iconset-svg": "^3.0.0",
        "@polymer/polymer": "^3.0.0"
      }
    },
    "@vaadin/vaadin-item": {
      "version": "2.1.0",
      "resolved": "https://registry.npmjs.org/@vaadin/vaadin-item/-/vaadin-item-2.1.0.tgz",
      "integrity": "sha512-OgHDWghreIYbvCc9vaNcGteg796CO99N8NFfjqAsAF75cHKdwWfPLylrYZSebk/PCFdKCQauSQXXRVU3uqzyBg==",
      "requires": {
        "@polymer/polymer": "^3.0.0",
        "@vaadin/vaadin-lumo-styles": "^1.1.0",
        "@vaadin/vaadin-material-styles": "^1.1.0",
        "@vaadin/vaadin-themable-mixin": "^1.2.1"
      }
    },
    "@vaadin/vaadin-list-box": {
      "version": "1.1.0",
      "resolved": "https://registry.npmjs.org/@vaadin/vaadin-list-box/-/vaadin-list-box-1.1.0.tgz",
      "integrity": "sha512-IC+L6VH+155K8rOEWu9BL1tdfnvBWYFcJb0Kty/l5FLmlxUJ2HIhaMSghgtbOsv19stLGTiV9BTAboBszGQ+Hg==",
      "requires": {
        "@polymer/polymer": "^3.0.0",
        "@vaadin/vaadin-element-mixin": "^2.0.0",
        "@vaadin/vaadin-item": "^2.1.0",
        "@vaadin/vaadin-list-mixin": "^2.1.0",
        "@vaadin/vaadin-lumo-styles": "^1.1.0",
        "@vaadin/vaadin-material-styles": "^1.1.0",
        "@vaadin/vaadin-themable-mixin": "^1.2.1"
      }
    },
    "@vaadin/vaadin-list-mixin": {
      "version": "2.2.1",
      "resolved": "https://registry.npmjs.org/@vaadin/vaadin-list-mixin/-/vaadin-list-mixin-2.2.1.tgz",
      "integrity": "sha512-63WuVvcai+sLbjPlBmjvI8O9obUCGKDDJwzPBmAaAv3EemyBwaavcBTpDkfWKEJAWU3tCFQmk4MSFsa3ZUCc0Q==",
      "requires": {
        "@polymer/polymer": "^3.0.0"
      }
    },
    "@vaadin/vaadin-login": {
      "version": "1.0.0",
      "resolved": "https://registry.npmjs.org/@vaadin/vaadin-login/-/vaadin-login-1.0.0.tgz",
      "integrity": "sha512-2CujShGMoKfr160tBvvfMJtMeD0zJT2uTzcKG61mTQDO8mha3vPOoSrqiq2tcnRDsvW1qp/wP7NRk0EoN6Z3mA==",
      "requires": {
        "@polymer/polymer": "^3.0.0",
        "@vaadin/vaadin-button": "^2.1.0",
        "@vaadin/vaadin-element-mixin": "^2.0.0",
        "@vaadin/vaadin-lumo-styles": "^1.3.0",
        "@vaadin/vaadin-material-styles": "^1.2.0",
        "@vaadin/vaadin-overlay": "^3.2.1",
        "@vaadin/vaadin-text-field": "^2.3.0",
        "@vaadin/vaadin-themable-mixin": "^1.4.1"
      }
    },
    "@vaadin/vaadin-lumo-styles": {
      "version": "1.4.2",
      "resolved": "https://registry.npmjs.org/@vaadin/vaadin-lumo-styles/-/vaadin-lumo-styles-1.4.2.tgz",
      "integrity": "sha512-6JrmxxQRkDfght5JiViVtd9xoIEwFAHIZjgEwW5ygQw2Zbr++vz6+9oBe6l93nM5JjOMHjR/TXW/+md0FrAZ+w==",
      "requires": {
        "@polymer/iron-icon": "^3.0.0",
        "@polymer/iron-iconset-svg": "^3.0.0",
        "@polymer/polymer": "^3.0.0"
      }
    },
    "@vaadin/vaadin-material-styles": {
      "version": "1.2.2",
      "resolved": "https://registry.npmjs.org/@vaadin/vaadin-material-styles/-/vaadin-material-styles-1.2.2.tgz",
      "integrity": "sha512-da4zBLC9e16AjTXh1wG3jdFFV+2/L57NeQez2xj/al689uvts8WpB7NErXhNMUU5m9X2os4XpyEBS+OX/8OUdQ==",
      "requires": {
        "@polymer/polymer": "^3.0.0"
      }
    },
    "@vaadin/vaadin-notification": {
      "version": "1.4.0",
      "resolved": "https://registry.npmjs.org/@vaadin/vaadin-notification/-/vaadin-notification-1.4.0.tgz",
      "integrity": "sha512-dAQGCNLBdQ/iFv3TfwmHC17zU7gnLNveePsRY20Nhwlo9P7rJAKI/y+CiEpAXbOsd5U+pTNFId5MW9LwzPGl/A==",
      "requires": {
        "@polymer/polymer": "^3.0.0",
        "@vaadin/vaadin-element-mixin": "^2.0.0",
        "@vaadin/vaadin-lumo-styles": "^1.1.0",
        "@vaadin/vaadin-material-styles": "^1.1.0",
        "@vaadin/vaadin-themable-mixin": "^1.3.2"
      }
    },
    "@vaadin/vaadin-ordered-layout": {
      "version": "1.1.0",
      "resolved": "https://registry.npmjs.org/@vaadin/vaadin-ordered-layout/-/vaadin-ordered-layout-1.1.0.tgz",
      "integrity": "sha512-ln3dXms/JmKCYu4sTc/xANxF13V8S6A1f/0xKvohYOEU5fRvq7suc8SR7GesyfXouF40kbFJ49sqTquK9TP95A==",
      "requires": {
        "@polymer/polymer": "^3.0.0",
        "@vaadin/vaadin-element-mixin": "^2.0.0",
        "@vaadin/vaadin-lumo-styles": "^1.1.0",
        "@vaadin/vaadin-material-styles": "^1.1.0",
        "@vaadin/vaadin-themable-mixin": "^1.2.1"
      }
    },
    "@vaadin/vaadin-overlay": {
      "version": "3.2.11",
      "resolved": "https://registry.npmjs.org/@vaadin/vaadin-overlay/-/vaadin-overlay-3.2.11.tgz",
      "integrity": "sha512-y7fE6RAjxnvyl1+N4LY6b1KXUdZEEgcmdiwPzyKbRdNaAAtz79T5ZsyZ8K+gGv2aBV3ROVMIgPULK/lWxIZt/w==",
      "requires": {
        "@polymer/polymer": "^3.0.0",
        "@vaadin/vaadin-lumo-styles": "^1.3.0",
        "@vaadin/vaadin-material-styles": "^1.2.0",
        "@vaadin/vaadin-themable-mixin": "^1.2.1"
      }
    },
    "@vaadin/vaadin-progress-bar": {
      "version": "1.1.0",
      "resolved": "https://registry.npmjs.org/@vaadin/vaadin-progress-bar/-/vaadin-progress-bar-1.1.0.tgz",
      "integrity": "sha512-EnM/ikNIgp47KCvzJeq7D2uueP7nGTKuhZWZVOMsKkX8tb+o68FJJdWZ1QkLJ+9Z1AKCAz5QhSKgP4+EPoiL2w==",
      "requires": {
        "@polymer/polymer": "^3.0.0",
        "@vaadin/vaadin-element-mixin": "^2.0.0",
        "@vaadin/vaadin-lumo-styles": "^1.1.0",
        "@vaadin/vaadin-material-styles": "^1.1.0",
        "@vaadin/vaadin-themable-mixin": "^1.2.1"
      }
    },
    "@vaadin/vaadin-radio-button": {
      "version": "1.2.0",
      "resolved": "https://registry.npmjs.org/@vaadin/vaadin-radio-button/-/vaadin-radio-button-1.2.0.tgz",
      "integrity": "sha512-sqawLZ8/R+5p9OxRAhnQAoXevC6b39T+c/h+BGr5oWKoA/kzCtvd/OepHeGAo31KXFdNFYdirNkwHyyJf6BQ2g==",
      "requires": {
        "@polymer/polymer": "^3.0.0",
        "@vaadin/vaadin-control-state-mixin": "^2.1.1",
        "@vaadin/vaadin-element-mixin": "^2.0.0",
        "@vaadin/vaadin-lumo-styles": "^1.2.0",
        "@vaadin/vaadin-material-styles": "^1.2.0",
        "@vaadin/vaadin-themable-mixin": "^1.2.1"
      }
    },
    "@vaadin/vaadin-select": {
      "version": "2.1.0",
      "resolved": "https://registry.npmjs.org/@vaadin/vaadin-select/-/vaadin-select-2.1.0.tgz",
      "integrity": "sha512-CZsESyL2WvLFTAGPuDsU7LNuJWvfrcOQty/yEeLLHaX2OahepRSEIJ1YIjfPNrRUuzGafA34+xKsUchzIChn4A==",
      "requires": {
        "@polymer/iron-media-query": "^3.0.0",
        "@polymer/iron-resizable-behavior": "^3.0.0",
        "@polymer/polymer": "^3.0.0",
        "@vaadin/vaadin-control-state-mixin": "^2.1.1",
        "@vaadin/vaadin-element-mixin": "^2.0.0",
        "@vaadin/vaadin-item": "^2.1.0",
        "@vaadin/vaadin-list-box": "^1.1.0",
        "@vaadin/vaadin-list-mixin": "^2.2.0",
        "@vaadin/vaadin-lumo-styles": "^1.1.0",
        "@vaadin/vaadin-material-styles": "^1.1.0",
        "@vaadin/vaadin-overlay": "^3.2.0",
        "@vaadin/vaadin-text-field": "^2.1.1",
        "@vaadin/vaadin-themable-mixin": "^1.3.2"
      }
    },
    "@vaadin/vaadin-split-layout": {
      "version": "4.1.0",
      "resolved": "https://registry.npmjs.org/@vaadin/vaadin-split-layout/-/vaadin-split-layout-4.1.0.tgz",
      "integrity": "sha512-hg93lLaDJeAcFwoyQmeo+W7uCkm7O2Vte96EBxqXfRUMwXA3RDg/gNjpZHhHkmvnNx/tsahxeMlpar6YD3aj+Q==",
      "requires": {
        "@polymer/iron-resizable-behavior": "^3.0.0-pre.18",
        "@polymer/polymer": "^3.0.0",
        "@vaadin/vaadin-element-mixin": "^2.0.0",
        "@vaadin/vaadin-lumo-styles": "^1.1.0",
        "@vaadin/vaadin-material-styles": "^1.1.0",
        "@vaadin/vaadin-themable-mixin": "^1.2.1"
      }
    },
    "@vaadin/vaadin-tabs": {
      "version": "2.1.2",
      "resolved": "https://registry.npmjs.org/@vaadin/vaadin-tabs/-/vaadin-tabs-2.1.2.tgz",
      "integrity": "sha512-ZBFqs2Ve5rEtBzLMXvygYnGg8q9jgY3z23rJhOjaXGN3TKEWAF39e4phgykt6LHdooD0xILOvJ6Yp3mxJQlIjQ==",
      "requires": {
        "@polymer/iron-resizable-behavior": "^3.0.0",
        "@polymer/polymer": "^3.0.0",
        "@vaadin/vaadin-element-mixin": "^2.0.0",
        "@vaadin/vaadin-item": "^2.1.0",
        "@vaadin/vaadin-list-mixin": "^2.1.0",
        "@vaadin/vaadin-lumo-styles": "^1.1.0",
        "@vaadin/vaadin-material-styles": "^1.1.0",
        "@vaadin/vaadin-themable-mixin": "^1.2.1"
      }
    },
    "@vaadin/vaadin-text-field": {
      "version": "2.4.3",
      "resolved": "https://registry.npmjs.org/@vaadin/vaadin-text-field/-/vaadin-text-field-2.4.3.tgz",
      "integrity": "sha512-lH2m4eQUF/uaBXUEQeJMrv7dLmDUs3SYhxv2lTSJc+iUw7V69bdwoHfiXoCL6i/jLE5oyuY16AQfrvrFaMODfA==",
      "requires": {
        "@polymer/polymer": "^3.0.0",
        "@vaadin/vaadin-control-state-mixin": "^2.1.1",
        "@vaadin/vaadin-element-mixin": "^2.0.0",
        "@vaadin/vaadin-lumo-styles": "^1.2.0",
        "@vaadin/vaadin-material-styles": "^1.2.0",
        "@vaadin/vaadin-themable-mixin": "^1.2.1"
      }
    },
    "@vaadin/vaadin-themable-mixin": {
      "version": "1.4.4",
      "resolved": "https://registry.npmjs.org/@vaadin/vaadin-themable-mixin/-/vaadin-themable-mixin-1.4.4.tgz",
      "integrity": "sha512-S/zN0DvSQ3cy1PdH0Dfa2yQirIFQKWCC3o0YdBzrKVCGvi5QW8+IqBTDFKnIaOfWjYoHsw2eunWcg9pu2jlI1Q==",
      "requires": {
        "@polymer/polymer": "^3.0.0"
      }
    },
    "@vaadin/vaadin-time-picker": {
      "version": "1.2.2",
      "resolved": "https://registry.npmjs.org/@vaadin/vaadin-time-picker/-/vaadin-time-picker-1.2.2.tgz",
      "integrity": "sha512-AvY5PISPQbHGaumkh/LQuaRDDYgLn8J0jFBoGDzhh9u/Rzd+oQntxtoMDf9f343gezfTtfSEwIYa67cZeETlGw==",
      "requires": {
        "@polymer/iron-a11y-keys-behavior": "^3.0.0",
        "@polymer/polymer": "^3.0.0",
        "@vaadin/vaadin-combo-box": "^4.2.0",
        "@vaadin/vaadin-control-state-mixin": "^2.1.1",
        "@vaadin/vaadin-element-mixin": "^2.1.1",
        "@vaadin/vaadin-lumo-styles": "^1.2.0",
        "@vaadin/vaadin-material-styles": "^1.2.0",
        "@vaadin/vaadin-text-field": "^2.1.1",
        "@vaadin/vaadin-themable-mixin": "^1.3.2"
      }
    },
    "@vaadin/vaadin-upload": {
      "version": "4.2.1",
      "resolved": "https://registry.npmjs.org/@vaadin/vaadin-upload/-/vaadin-upload-4.2.1.tgz",
      "integrity": "sha512-MY21sMl87fklAbR9EoXJYee7RA0qpbIPRLGt88apl/fsldLwVpK0oYmR3Yl2ctohVy3pj+Yacpw4nGlX3+OV3A==",
      "requires": {
        "@polymer/polymer": "^3.0.0",
        "@vaadin/vaadin-button": "^2.1.0",
        "@vaadin/vaadin-element-mixin": "^2.0.0",
        "@vaadin/vaadin-lumo-styles": "^1.1.0",
        "@vaadin/vaadin-material-styles": "^1.1.0",
        "@vaadin/vaadin-progress-bar": "^1.1.0",
        "@vaadin/vaadin-themable-mixin": "^1.2.1"
      }
    },
    "@vaadin/vaadin-usage-statistics": {
      "version": "2.0.3",
      "resolved": "https://registry.npmjs.org/@vaadin/vaadin-usage-statistics/-/vaadin-usage-statistics-2.0.3.tgz",
      "integrity": "sha512-ZEwXQF0fO5IYoL10Sv4/KQ8dWrLuM3n5XPuzACAa+YtVtE+S4pq3Tunj2t08rJfOGFN1Mi35vLpku3jPNuY/fA==",
      "requires": {
        "@vaadin/vaadin-development-mode-detector": "^2.0.0"
      }
    },
    "@webcomponents/shadycss": {
      "version": "1.9.1",
      "resolved": "https://registry.npmjs.org/@webcomponents/shadycss/-/shadycss-1.9.1.tgz",
      "integrity": "sha512-IaZOnWOKXHghqk/WfPNDRIgDBi3RsVPY2IFAw6tYiL9UBGvQRy5R6uC+Fk7qTZsReTJ0xh5MTT8yAcb3MUR4mQ=="
    },
    "abstract-leveldown": {
      "version": "0.12.4",
      "resolved": "https://registry.npmjs.org/abstract-leveldown/-/abstract-leveldown-0.12.4.tgz",
      "integrity": "sha1-KeGOYy5g5OIh1YECR4UqY9ey5BA=",
      "requires": {
        "xtend": "~3.0.0"
      },
      "dependencies": {
        "xtend": {
          "version": "3.0.0",
          "resolved": "https://registry.npmjs.org/xtend/-/xtend-3.0.0.tgz",
          "integrity": "sha1-XM50B7r2Qsunvs2laBEcST9ZZlo="
        }
      }
    },
    "core-util-is": {
      "version": "1.0.2",
      "resolved": "https://registry.npmjs.org/core-util-is/-/core-util-is-1.0.2.tgz",
      "integrity": "sha1-tf1UIgqivFq1eqtxQMlAdUUDwac="
    },
    "encoding": {
      "version": "0.1.12",
      "resolved": "https://registry.npmjs.org/encoding/-/encoding-0.1.12.tgz",
      "integrity": "sha1-U4tm8+5izRq1HsMjgp0flIDHS+s=",
      "requires": {
        "iconv-lite": "~0.4.13"
      }
    },
    "file-saver": {
      "version": "2.0.1",
      "resolved": "https://registry.npmjs.org/file-saver/-/file-saver-2.0.1.tgz",
      "integrity": "sha512-dCB3K7/BvAcUmtmh1DzFdv0eXSVJ9IAFt1mw3XZfAexodNRoE29l3xB2EX4wH2q8m/UTzwzEPq/ArYk98kUkBQ=="
    },
    "file-type": {
      "version": "3.9.0",
      "resolved": "https://registry.npmjs.org/file-type/-/file-type-3.9.0.tgz",
      "integrity": "sha1-JXoHg4TR24CHvESdEH1SpSZyuek="
    },
    "iconv-lite": {
      "version": "0.4.24",
      "resolved": "https://registry.npmjs.org/iconv-lite/-/iconv-lite-0.4.24.tgz",
      "integrity": "sha512-v3MXnZAcvnywkTUEZomIActle7RXXeedOR31wwl7VlyoXO4Qi9arvSenNQWne1TcRwhCL1HwLI21bEqdpj8/rA==",
      "requires": {
        "safer-buffer": ">= 2.1.2 < 3"
      }
    },
    "idb-wrapper": {
      "version": "1.7.2",
      "resolved": "https://registry.npmjs.org/idb-wrapper/-/idb-wrapper-1.7.2.tgz",
      "integrity": "sha512-zfNREywMuf0NzDo9mVsL0yegjsirJxHpKHvWcyRozIqQy89g0a3U+oBPOCN4cc0oCiOuYgZHimzaW/R46G1Mpg=="
    },
    "immediate": {
      "version": "3.0.6",
      "resolved": "https://registry.npmjs.org/immediate/-/immediate-3.0.6.tgz",
      "integrity": "sha1-nbHb0Pr43m++D13V5Wu2BigN5ps="
    },
    "inherits": {
      "version": "2.0.3",
      "resolved": "https://registry.npmjs.org/inherits/-/inherits-2.0.3.tgz",
      "integrity": "sha1-Yzwsg+PaQqUC9SRmAiSA9CCCYd4="
    },
    "is-stream": {
      "version": "1.1.0",
      "resolved": "https://registry.npmjs.org/is-stream/-/is-stream-1.1.0.tgz",
      "integrity": "sha1-EtSj3U5o4Lec6428hBc66A2RykQ="
    },
    "is-url": {
      "version": "1.2.2",
      "resolved": "https://registry.npmjs.org/is-url/-/is-url-1.2.2.tgz",
      "integrity": "sha1-SYkFpZO/R8wtnn9zg3K792lsfyY="
    },
    "isarray": {
      "version": "1.0.0",
      "resolved": "https://registry.npmjs.org/isarray/-/isarray-1.0.0.tgz",
      "integrity": "sha1-u5NdSFgsuhaMBoNJV6VKPgcSTxE="
    },
    "isbuffer": {
      "version": "0.0.0",
      "resolved": "https://registry.npmjs.org/isbuffer/-/isbuffer-0.0.0.tgz",
      "integrity": "sha1-OMFG2d9Si4v5sHAcPUPPEt8/w5s="
    },
    "isomorphic-fetch": {
      "version": "2.2.1",
      "resolved": "https://registry.npmjs.org/isomorphic-fetch/-/isomorphic-fetch-2.2.1.tgz",
      "integrity": "sha1-YRrhrPFPXoH3KVB0coGf6XM1WKk=",
      "requires": {
        "node-fetch": "^1.0.1",
        "whatwg-fetch": ">=0.10.0"
      }
    },
    "jpeg-js": {
      "version": "0.2.0",
      "resolved": "https://registry.npmjs.org/jpeg-js/-/jpeg-js-0.2.0.tgz",
      "integrity": "sha1-U+RI7J0mPmgyZkZ+lELSxaLvVII="
    },
    "jszip": {
      "version": "3.2.1",
      "resolved": "https://registry.npmjs.org/jszip/-/jszip-3.2.1.tgz",
      "integrity": "sha512-iCMBbo4eE5rb1VCpm5qXOAaUiRKRUKiItn8ah2YQQx9qymmSAY98eyQfioChEYcVQLh0zxJ3wS4A0mh90AVPvw==",
      "requires": {
        "lie": "~3.3.0",
        "pako": "~1.0.2",
        "readable-stream": "~2.3.6",
        "set-immediate-shim": "~1.0.1"
      }
    },
    "level-js": {
      "version": "2.2.4",
      "resolved": "https://registry.npmjs.org/level-js/-/level-js-2.2.4.tgz",
      "integrity": "sha1-vAVfQYBjXUSJtWHJSG+jcOjBFpc=",
      "requires": {
        "abstract-leveldown": "~0.12.0",
        "idb-wrapper": "^1.5.0",
        "isbuffer": "~0.0.0",
        "ltgt": "^2.1.2",
        "typedarray-to-buffer": "~1.0.0",
        "xtend": "~2.1.2"
      }
    },
    "lie": {
      "version": "3.3.0",
      "resolved": "https://registry.npmjs.org/lie/-/lie-3.3.0.tgz",
      "integrity": "sha512-UaiMJzeWRlEujzAuw5LokY1L5ecNQYZKfmyZ9L7wDHb/p5etKaxXhohBcrw0EYby+G/NA52vRSN4N39dxHAIwQ==",
      "requires": {
        "immediate": "~3.0.5"
      }
    },
    "ltgt": {
      "version": "2.2.1",
      "resolved": "https://registry.npmjs.org/ltgt/-/ltgt-2.2.1.tgz",
      "integrity": "sha1-81ypHEk/e3PaDgdJUwTxezH4fuU="
    },
    "node-fetch": {
      "version": "1.7.3",
      "resolved": "https://registry.npmjs.org/node-fetch/-/node-fetch-1.7.3.tgz",
      "integrity": "sha512-NhZ4CsKx7cYm2vSrBAr2PvFOe6sWDf0UYLRqA6svUYg7+/TSfVAu49jYC4BvQ4Sms9SZgdqGBgroqfDhJdTyKQ==",
      "requires": {
        "encoding": "^0.1.11",
        "is-stream": "^1.0.1"
      }
    },
    "object-assign": {
      "version": "4.1.1",
      "resolved": "https://registry.npmjs.org/object-assign/-/object-assign-4.1.1.tgz",
      "integrity": "sha1-IQmtx5ZYh8/AXLvUQsrIv7s2CGM="
    },
    "object-keys": {
      "version": "0.4.0",
      "resolved": "https://registry.npmjs.org/object-keys/-/object-keys-0.4.0.tgz",
      "integrity": "sha1-KKaq50KN0sOpLz2V8hM13SBOAzY="
    },
    "pako": {
      "version": "1.0.10",
      "resolved": "https://registry.npmjs.org/pako/-/pako-1.0.10.tgz",
      "integrity": "sha512-0DTvPVU3ed8+HNXOu5Bs+o//Mbdj9VNQMUOe9oKCwh8l0GNwpTDMKCWbRjgtD291AWnkAgkqA/LOnQS8AmS1tw=="
    },
    "png.js": {
      "version": "0.2.1",
      "resolved": "https://registry.npmjs.org/png.js/-/png.js-0.2.1.tgz",
      "integrity": "sha1-2muDwTS9wQGUDZqxyY6RVK/7sfI="
    },
    "process-nextick-args": {
      "version": "2.0.0",
      "resolved": "https://registry.npmjs.org/process-nextick-args/-/process-nextick-args-2.0.0.tgz",
      "integrity": "sha512-MtEC1TqN0EU5nephaJ4rAtThHtC86dNN9qCuEhtshvpVBkAW5ZO7BASN9REnF9eoXGcRub+pFuKEpOHE+HbEMw=="
    },
    "readable-stream": {
      "version": "2.3.6",
      "resolved": "https://registry.npmjs.org/readable-stream/-/readable-stream-2.3.6.tgz",
      "integrity": "sha512-tQtKA9WIAhBF3+VLAseyMqZeBjW0AHJoxOtYqSUZNJxauErmLbVm2FW1y+J/YA9dUrAC39ITejlZWhVIwawkKw==",
      "requires": {
        "core-util-is": "~1.0.0",
        "inherits": "~2.0.3",
        "isarray": "~1.0.0",
        "process-nextick-args": "~2.0.0",
        "safe-buffer": "~5.1.1",
        "string_decoder": "~1.1.1",
        "util-deprecate": "~1.0.1"
      }
    },
    "safe-buffer": {
      "version": "5.1.2",
      "resolved": "https://registry.npmjs.org/safe-buffer/-/safe-buffer-5.1.2.tgz",
      "integrity": "sha512-Gd2UZBJDkXlY7GbJxfsE8/nvKkUEU1G38c1siN6QP6a9PT9MmHB8GnpscSmMJSoF8LOIrt8ud/wPtojys4G6+g=="
    },
    "safer-buffer": {
      "version": "2.1.2",
      "resolved": "https://registry.npmjs.org/safer-buffer/-/safer-buffer-2.1.2.tgz",
      "integrity": "sha512-YZo3K82SD7Riyi0E1EQPojLz7kpepnSQI9IyPbHHg1XXXevb5dJI7tpyN2ADxGcQbHG7vcyRHk0cbwqcQriUtg=="
    },
    "set-immediate-shim": {
      "version": "1.0.1",
      "resolved": "https://registry.npmjs.org/set-immediate-shim/-/set-immediate-shim-1.0.1.tgz",
      "integrity": "sha1-SysbJ+uAip+NzEgaWOXlb1mfP2E="
    },
    "string_decoder": {
      "version": "1.1.1",
      "resolved": "https://registry.npmjs.org/string_decoder/-/string_decoder-1.1.1.tgz",
      "integrity": "sha512-n/ShnvDi6FHbbVfviro+WojiFzv+s8MPMHBczVePfUpDJLwoLT0ht1l4YwBCbi8pJAveEEdnkHyPyTP/mzRfwg==",
      "requires": {
        "safe-buffer": "~5.1.0"
      }
    },
    "tesseract.js": {
      "version": "1.0.16",
      "resolved": "https://registry.npmjs.org/tesseract.js/-/tesseract.js-1.0.16.tgz",
      "integrity": "sha512-I3D1DxQTtqmHXL+q2Sj7fL6eqvC6yBpRku30RzXXP6gE/U8tPSjtJH7Zudq1puDL93zv5jxy4mH9hOcQdDVTaw==",
      "requires": {
        "file-type": "^3.8.0",
        "is-url": "1.2.2",
        "isomorphic-fetch": "^2.2.1",
        "jpeg-js": "^0.2.0",
        "level-js": "^2.2.4",
        "node-fetch": "^1.6.3",
        "object-assign": "^4.1.0",
        "png.js": "^0.2.1",
        "tesseract.js-core": "^1.0.2"
      }
    },
    "tesseract.js-core": {
      "version": "1.0.2",
      "resolved": "https://registry.npmjs.org/tesseract.js-core/-/tesseract.js-core-1.0.2.tgz",
      "integrity": "sha1-HOM6KdyBI1e4NWow7e34sYgEOzc="
    },
    "typedarray-to-buffer": {
      "version": "1.0.4",
      "resolved": "https://registry.npmjs.org/typedarray-to-buffer/-/typedarray-to-buffer-1.0.4.tgz",
      "integrity": "sha1-m7i6DoQfs/TPH+fCRenz+opf6Zw="
    },
    "util-deprecate": {
      "version": "1.0.2",
      "resolved": "https://registry.npmjs.org/util-deprecate/-/util-deprecate-1.0.2.tgz",
      "integrity": "sha1-RQ1Nyfpw3nMnYvvS1KKJgUGaDM8="
    },
    "whatwg-fetch": {
      "version": "3.0.0",
      "resolved": "https://registry.npmjs.org/whatwg-fetch/-/whatwg-fetch-3.0.0.tgz",
      "integrity": "sha512-9GSJUgz1D4MfyKU7KRqwOjXCXTqWdFNvEr7eUBYchQiVc744mqK/MzXPNR2WsPkmkOa4ywfg8C2n8h+13Bey1Q=="
    },
    "xtend": {
      "version": "2.1.2",
      "resolved": "https://registry.npmjs.org/xtend/-/xtend-2.1.2.tgz",
      "integrity": "sha1-bv7MKk2tjmlixJAbM3znuoe10os=",
      "requires": {
        "object-keys": "~0.4.0"
      }
    }
  }
}
